
Microsoft Visual Studio Solution File, Format Version 12.00
# Visual Studio Version 16
VisualStudioVersion = 16.0.30907.101
MinimumVisualStudioVersion = 10.0.40219.1
Project("{FAE04EC0-301F-11D3-BF4B-00C04F79EFBC}") = "OOP_lab1.2", "OOP_lab1.2\OOP_lab1.2.csproj", "{C43F4DB5-CAF7-4437-A2CB-846D69D30BB7}"
EndProject
Project("{FAE04EC0-301F-11D3-BF4B-00C04F79EFBC}") = "Lab1.2.Test", "Lab1.2.Test\Lab1.2.Test.csproj", "{AA4DEE44-0483-4144-8365-E1FCCC7AB30C}"
EndProject
Global
	GlobalSection(SolutionConfigurationPlatforms) = preSolution
		Debug|Any CPU = Debug|Any CPU
		Release|Any CPU = Release|Any CPU
	EndGlobalSection
	GlobalSection(ProjectConfigurationPlatforms) = postSolution
		{C43F4DB5-CAF7-4437-A2CB-846D69D30BB7}.Debug|Any CPU.ActiveCfg = Debug|Any CPU
		{C43F4DB5-CAF7-4437-A2CB-846D69D30BB7}.Debug|Any CPU.Build.0 = Debug|Any CPU
		{C43F4DB5-CAF7-4437-A2CB-846D69D30BB7}.Release|Any CPU.ActiveCfg = Release|Any CPU
		{C43F4DB5-CAF7-4437-A2CB-846D69D30BB7}.Release|Any CPU.Build.0 = Release|Any CPU
		{AA4DEE44-0483-4144-8365-E1FCCC7AB30C}.Debug|Any CPU.ActiveCfg = Debug|Any CPU
		{AA4DEE44-0483-4144-8365-E1FCCC7AB30C}.Debug|Any CPU.Build.0 = Debug|Any CPU
		{AA4DEE44-0483-4144-8365-E1FCCC7AB30C}.Release|Any CPU.ActiveCfg = Release|Any CPU
		{AA4DEE44-0483-4144-8365-E1FCCC7AB30C}.Release|Any CPU.Build.0 = Release|Any CPU
	EndGlobalSection
	GlobalSection(SolutionProperties) = preSolution
		HideSolutionNode = FALSE
	EndGlobalSection
	GlobalSection(ExtensibilityGlobals) = postSolution
		SolutionGuid = {FB5F6AB8-E5BD-41F5-B282-413AA5A3AEDB}
	EndGlobalSection
EndGlobal
